github.com/kovidgoyal/imaging v1.6.4 h1:K0idhRPXnRrJBKnBYcTfI1HTWSNDeAn7hYDvf9I0dCk=
github.com/kovidgoyal/imaging v1.6.4/go.mod h1:bEIgsaZmXlvFfkv/CUxr9rJook6AQkJnpB5EPosRfRY=
github.com/rwcarlsen/goexif v0.0.0-20190401172101-9e8deecbddbd h1:CmH9+J6ZSsIjUK3dcGsnCnO41eRBOnY12zwkn5qVwgc=
github.com/rwcarlsen/goexif v0.0.0-20190401172101-9e8deecbddbd/go.mod h1:hPqNNc0+uJM6H+SuU8sEs5K5IQeKccPqeSjfgcKGgPk=
golang.org/x/image v0.24.0 h1:AN7zRgVsbvmTfNyqIbbOraYL8mSwcKncEj8ofjgzcMQ=
golang.org/x/image v0.24.0/go.mod h1:4b/ITuLfqYq1hqZcjofwctIhi7sZh2WaCjvsBNjjya8=
